
Microsoft Visual Studio Solution File, Format Version 12.00
# Visual Studio 15
VisualStudioVersion = 15.0.26124.0
MinimumVisualStudioVersion = 15.0.26124.0
Project("{FAE04EC0-301F-11D3-BF4B-00C04F79EFBC}") = "BLL", "BLL\BLL.csproj", "{1FD58D61-1D61-4251-A61E-4F199FFF406E}"
EndProject
Project("{FAE04EC0-301F-11D3-BF4B-00C04F79EFBC}") = "DAL", "DAL\DAL.csproj", "{C75C6A00-77AF-4F23-BCC6-016EE85523CE}"
EndProject
Project("{FAE04EC0-301F-11D3-BF4B-00C04F79EFBC}") = "N-tier", "N-tier\N-tier.csproj", "{D7BF64BB-9DD9-4B2D-98AC-86287D454FCC}"
EndProject
Global
	GlobalSection(SolutionConfigurationPlatforms) = preSolution
		Debug|Any CPU = Debug|Any CPU
		Debug|x64 = Debug|x64
		Debug|x86 = Debug|x86
		Release|Any CPU = Release|Any CPU
		Release|x64 = Release|x64
		Release|x86 = Release|x86
	EndGlobalSection
	GlobalSection(SolutionProperties) = preSolution
		HideSolutionNode = FALSE
	EndGlobalSection
	GlobalSection(ProjectConfigurationPlatforms) = postSolution
		{1FD58D61-1D61-4251-A61E-4F199FFF406E}.Debug|Any CPU.ActiveCfg = Debug|Any CPU
		{1FD58D61-1D61-4251-A61E-4F199FFF406E}.Debug|Any CPU.Build.0 = Debug|Any CPU
		{1FD58D61-1D61-4251-A61E-4F199FFF406E}.Debug|x64.ActiveCfg = Debug|Any CPU
		{1FD58D61-1D61-4251-A61E-4F199FFF406E}.Debug|x64.Build.0 = Debug|Any CPU
		{1FD58D61-1D61-4251-A61E-4F199FFF406E}.Debug|x86.ActiveCfg = Debug|Any CPU
		{1FD58D61-1D61-4251-A61E-4F199FFF406E}.Debug|x86.Build.0 = Debug|Any CPU
		{1FD58D61-1D61-4251-A61E-4F199FFF406E}.Release|Any CPU.ActiveCfg = Release|Any CPU
		{1FD58D61-1D61-4251-A61E-4F199FFF406E}.Release|Any CPU.Build.0 = Release|Any CPU
		{1FD58D61-1D61-4251-A61E-4F199FFF406E}.Release|x64.ActiveCfg = Release|Any CPU
		{1FD58D61-1D61-4251-A61E-4F199FFF406E}.Release|x64.Build.0 = Release|Any CPU
		{1FD58D61-1D61-4251-A61E-4F199FFF406E}.Release|x86.ActiveCfg = Release|Any CPU
		{1FD58D61-1D61-4251-A61E-4F199FFF406E}.Release|x86.Build.0 = Release|Any CPU
		{C75C6A00-77AF-4F23-BCC6-016EE85523CE}.Debug|Any CPU.ActiveCfg = Debug|Any CPU
		{C75C6A00-77AF-4F23-BCC6-016EE85523CE}.Debug|Any CPU.Build.0 = Debug|Any CPU
		{C75C6A00-77AF-4F23-BCC6-016EE85523CE}.Debug|x64.ActiveCfg = Debug|Any CPU
		{C75C6A00-77AF-4F23-BCC6-016EE85523CE}.Debug|x64.Build.0 = Debug|Any CPU
		{C75C6A00-77AF-4F23-BCC6-016EE85523CE}.Debug|x86.ActiveCfg = Debug|Any CPU
		{C75C6A00-77AF-4F23-BCC6-016EE85523CE}.Debug|x86.Build.0 = Debug|Any CPU
		{C75C6A00-77AF-4F23-BCC6-016EE85523CE}.Release|Any CPU.ActiveCfg = Release|Any CPU
		{C75C6A00-77AF-4F23-BCC6-016EE85523CE}.Release|Any CPU.Build.0 = Release|Any CPU
		{C75C6A00-77AF-4F23-BCC6-016EE85523CE}.Release|x64.ActiveCfg = Release|Any CPU
		{C75C6A00-77AF-4F23-BCC6-016EE85523CE}.Release|x64.Build.0 = Release|Any CPU
		{C75C6A00-77AF-4F23-BCC6-016EE85523CE}.Release|x86.ActiveCfg = Release|Any CPU
		{C75C6A00-77AF-4F23-BCC6-016EE85523CE}.Release|x86.Build.0 = Release|Any CPU
		{D7BF64BB-9DD9-4B2D-98AC-86287D454FCC}.Debug|Any CPU.ActiveCfg = Debug|Any CPU
		{D7BF64BB-9DD9-4B2D-98AC-86287D454FCC}.Debug|Any CPU.Build.0 = Debug|Any CPU
		{D7BF64BB-9DD9-4B2D-98AC-86287D454FCC}.Debug|x64.ActiveCfg = Debug|Any CPU
		{D7BF64BB-9DD9-4B2D-98AC-86287D454FCC}.Debug|x64.Build.0 = Debug|Any CPU
		{D7BF64BB-9DD9-4B2D-98AC-86287D454FCC}.Debug|x86.ActiveCfg = Debug|Any CPU
		{D7BF64BB-9DD9-4B2D-98AC-86287D454FCC}.Debug|x86.Build.0 = Debug|Any CPU
		{D7BF64BB-9DD9-4B2D-98AC-86287D454FCC}.Release|Any CPU.ActiveCfg = Release|Any CPU
		{D7BF64BB-9DD9-4B2D-98AC-86287D454FCC}.Release|Any CPU.Build.0 = Release|Any CPU
		{D7BF64BB-9DD9-4B2D-98AC-86287D454FCC}.Release|x64.ActiveCfg = Release|Any CPU
		{D7BF64BB-9DD9-4B2D-98AC-86287D454FCC}.Release|x64.Build.0 = Release|Any CPU
		{D7BF64BB-9DD9-4B2D-98AC-86287D454FCC}.Release|x86.ActiveCfg = Release|Any CPU
		{D7BF64BB-9DD9-4B2D-98AC-86287D454FCC}.Release|x86.Build.0 = Release|Any CPU
	EndGlobalSection
EndGlobal
